
Microsoft Visual Studio Solution File, Format Version 12.00
# Visual Studio 15
VisualStudioVersion = 15.0.28307.136
MinimumVisualStudioVersion = 10.0.40219.1
Project("{9A19103F-16F7-4668-BE54-9A1E7A4F7556}") = "DerStr1k3r_Client", "DerStr1k3r_Client.csproj", "{115E17D2-D9A5-4D96-926C-05D5E60FA15A}"
EndProject
Global
	GlobalSection(SolutionConfigurationPlatforms) = preSolution
		Debug|Any CPU = Debug|Any CPU
		Release|Any CPU = Release|Any CPU
	EndGlobalSection
	GlobalSection(ProjectConfigurationPlatforms) = postSolution
		{115E17D2-D9A5-4D96-926C-05D5E60FA15A}.Debug|Any CPU.ActiveCfg = Debug|Any CPU
		{115E17D2-D9A5-4D96-926C-05D5E60FA15A}.Debug|Any CPU.Build.0 = Debug|Any CPU
		{115E17D2-D9A5-4D96-926C-05D5E60FA15A}.Release|Any CPU.ActiveCfg = Release|Any CPU
		{115E17D2-D9A5-4D96-926C-05D5E60FA15A}.Release|Any CPU.Build.0 = Release|Any CPU
	EndGlobalSection
	GlobalSection(SolutionProperties) = preSolution
		HideSolutionNode = FALSE
	EndGlobalSection
	GlobalSection(ExtensibilityGlobals) = postSolution
		SolutionGuid = {F14889FC-1ED3-4DC1-8E05-7917E1C93BAA}
	EndGlobalSection
EndGlobal
