
Microsoft Visual Studio Solution File, Format Version 12.00
# Visual Studio Version 16
VisualStudioVersion = 16.0.30804.86
MinimumVisualStudioVersion = 10.0.40219.1
Project("{9A19103F-16F7-4668-BE54-9A1E7A4F7556}") = "GTA5Voice_RAGEMP", "GTA5Voice_RAGEMP.csproj", "{58D0CAB4-4111-4F9D-986B-40252BC8298D}"
EndProject
Global
	GlobalSection(SolutionConfigurationPlatforms) = preSolution
		Debug|Any CPU = Debug|Any CPU
		Release|Any CPU = Release|Any CPU
	EndGlobalSection
	GlobalSection(ProjectConfigurationPlatforms) = postSolution
		{58D0CAB4-4111-4F9D-986B-40252BC8298D}.Debug|Any CPU.ActiveCfg = Debug|Any CPU
		{58D0CAB4-4111-4F9D-986B-40252BC8298D}.Debug|Any CPU.Build.0 = Debug|Any CPU
		{58D0CAB4-4111-4F9D-986B-40252BC8298D}.Release|Any CPU.ActiveCfg = Release|Any CPU
		{58D0CAB4-4111-4F9D-986B-40252BC8298D}.Release|Any CPU.Build.0 = Release|Any CPU
	EndGlobalSection
	GlobalSection(SolutionProperties) = preSolution
		HideSolutionNode = FALSE
	EndGlobalSection
	GlobalSection(ExtensibilityGlobals) = postSolution
		SolutionGuid = {C9261E29-BD9F-4760-B737-48CC5AD99BD0}
	EndGlobalSection
EndGlobal
